{
  "name": "quantum-tinder-bot",
  "version": "0.1.0",
  "lockfileVersion": 3,
  "requires": true,
  "packages": {
    "": {
      "name": "quantum-tinder-bot",
      "version": "0.1.0",
      "hasInstallScript": true,
      "dependencies": {
        "ghost-cursor-playwright": "^2.1.0",
        "patchright": "^1.59.4",
        "proper-lockfile": "^4.1.2"
      }
    },
    "node_modules/@types/trusted-types": {
      "version": "2.0.7",
      "resolved": "https://registry.npmjs.org/@types/trusted-types/-/trusted-types-2.0.7.tgz",
      "integrity": "sha512-ScaPdn1dQczgbl0QFTeTOmVHFULt394XJgOQNoyVhZ6r2vLnMLJfBPd53SB52T/3G36VI1/g2MZaX0cwDuXsfw==",
      "license": "MIT"
    },
    "node_modules/bezier-js": {
      "version": "4.1.1",
      "resolved": "https://registry.npmjs.org/bezier-js/-/bezier-js-4.1.1.tgz",
      "integrity": "sha512-oVOS6SSFFFlfnZdzC+lsfvhs/RRcbxJ47U04M4s5QIBaJmr3YWmTIL3qmrOK9uW+nUUcl9Jccmo/xpTrG+bBoQ==",
      "license": "MIT",
      "funding": {
        "type": "individual",
        "url": "https://github.com/Pomax/bezierjs/blob/master/FUNDING.md"
      }
    },
    "node_modules/fsevents": {
      "version": "2.3.2",
      "resolved": "https://registry.npmjs.org/fsevents/-/fsevents-2.3.2.tgz",
      "integrity": "sha512-xiqMQR4xAeHTuB9uWm+fFRcIOgKBMiOBP+eXiyT7jsgVCq1bkVygt00oASowB7EdtpOHaaPgKt812P9ab+DDKA==",
      "hasInstallScript": true,
      "license": "MIT",
      "optional": true,
      "os": [
        "darwin"
      ],
      "engines": {
        "node": "^8.16.0 || ^10.6.0 || >=11.0.0"
      }
    },
    "node_modules/ghost-cursor-playwright": {
      "version": "2.1.0",
      "resolved": "https://registry.npmjs.org/ghost-cursor-playwright/-/ghost-cursor-playwright-2.1.0.tgz",
      "integrity": "sha512-+MeiVSwrOYJY/jpDqxdEd6dXmLvngnI1maAkEhiERvtUrI2ErfnDyPdjxrkFlLPB2/BV7q74WdvBD2mTU5UNcA==",
      "license": "MIT",
      "dependencies": {
        "@types/trusted-types": "^2.0.7",
        "bezier-js": "^4.1.1",
        "playwright-core": "^1.19.2",
        "trusted-types": "^2.0.0"
      }
    },
    "node_modules/graceful-fs": {
      "version": "4.2.11",
      "resolved": "https://registry.npmjs.org/graceful-fs/-/graceful-fs-4.2.11.tgz",
      "integrity": "sha512-RbJ5/jmFcNNCcDV5o9eTnBLJ/HszWV0P73bc+Ff4nS/rJj+YaS6IGyiOL0VoBYX+l1Wrl3k63h/KrH+nhJ0XvQ==",
      "license": "ISC"
    },
    "node_modules/patchright": {
      "version": "1.59.4",
      "resolved": "https://registry.npmjs.org/patchright/-/patchright-1.59.4.tgz",
      "integrity": "sha512-RDZ40tBZHZtTAMoUoct/IpMA1wrozPZGU2RFk8NIDEndOEBbLxS0dH2fRLiwsNrgXgjZGA/3krrTlzK+uFGgoQ==",
      "license": "Apache-2.0",
      "dependencies": {
        "patchright-core": "v1.59.4"
      },
      "bin": {
        "patchright": "cli.js"
      },
      "engines": {
        "node": ">=18"
      },
      "optionalDependencies": {
        "fsevents": "2.3.2"
      }
    },
    "node_modules/patchright-core": {
      "version": "1.59.4",
      "resolved": "https://registry.npmjs.org/patchright-core/-/patchright-core-1.59.4.tgz",
      "integrity": "sha512-7/vyX0XK0cpGKlcnUD+Rhjv5o9rrmZQl4v/NI+EUBed+VaU5EORpkOF0Gdi+fP698fLhY0tXwacKBUqKE38jQA==",
      "license": "Apache-2.0",
      "bin": {
        "patchright-core": "cli.js"
      },
      "engines": {
        "node": ">=18"
      }
    },
    "node_modules/playwright-core": {
      "version": "1.59.1",
      "resolved": "https://registry.npmjs.org/playwright-core/-/playwright-core-1.59.1.tgz",
      "integrity": "sha512-HBV/RJg81z5BiiZ9yPzIiClYV/QMsDCKUyogwH9p3MCP6IYjUFu/MActgYAvK0oWyV9NlwM3GLBjADyWgydVyg==",
      "license": "Apache-2.0",
      "bin": {
        "playwright-core": "cli.js"
      },
      "engines": {
        "node": ">=18"
      }
    },
    "node_modules/proper-lockfile": {
      "version": "4.1.2",
      "resolved": "https://registry.npmjs.org/proper-lockfile/-/proper-lockfile-4.1.2.tgz",
      "integrity": "sha512-TjNPblN4BwAWMXU8s9AEz4JmQxnD1NNL7bNOY/AKUzyamc379FWASUhc/K1pL2noVb+XmZKLL68cjzLsiOAMaA==",
      "license": "MIT",
      "dependencies": {
        "graceful-fs": "^4.2.4",
        "retry": "^0.12.0",
        "signal-exit": "^3.0.2"
      }
    },
    "node_modules/retry": {
      "version": "0.12.0",
      "resolved": "https://registry.npmjs.org/retry/-/retry-0.12.0.tgz",
      "integrity": "sha512-9LkiTwjUh6rT555DtE9rTX+BKByPfrMzEAtnlEtdEwr3Nkffwiihqe2bWADg+OQRjt9gl6ICdmB/ZFDCGAtSow==",
      "license": "MIT",
      "engines": {
        "node": ">= 4"
      }
    },
    "node_modules/signal-exit": {
      "version": "3.0.7",
      "resolved": "https://registry.npmjs.org/signal-exit/-/signal-exit-3.0.7.tgz",
      "integrity": "sha512-wnD2ZE+l+SPC/uoS0vXeE9L1+0wuaMqKlfz9AMUo38JsyLSBWSFcHR1Rri62LZc12vLr1gb3jl7iwQhgwpAbGQ==",
      "license": "ISC"
    },
    "node_modules/trusted-types": {
      "version": "2.0.0",
      "resolved": "https://registry.npmjs.org/trusted-types/-/trusted-types-2.0.0.tgz",
      "integrity": "sha512-Eam+AUp6lg04YjmYkuLNhEJX+6ByocrKTpY/TtfRK/gV6OmxeN0OwkIasor28SUJ606snArpPLGtPMGbqdaaUA==",
      "license": "W3C-20150513"
    }
  }
}
